
Microsoft Visual Studio Solution File, Format Version 12.00
# Visual Studio Version 16
VisualStudioVersion = 25.0.1705.0
MinimumVisualStudioVersion = 10.0.40219.1
Project("{FAE04EC0-301F-11D3-BF4B-00C04F79EFBC}") = "game4", "game4\game4.csproj", "{D2FCE6C3-2EC9-4B20-86A5-8749C858882A}"
EndProject
Global
	GlobalSection(SolutionConfigurationPlatforms) = preSolution
		Debug|Any CPU = Debug|Any CPU
		Release|Any CPU = Release|Any CPU
	EndGlobalSection
	GlobalSection(ProjectConfigurationPlatforms) = postSolution
		{D2FCE6C3-2EC9-4B20-86A5-8749C858882A}.Debug|Any CPU.ActiveCfg = Debug|Any CPU
		{D2FCE6C3-2EC9-4B20-86A5-8749C858882A}.Debug|Any CPU.Build.0 = Debug|Any CPU
		{D2FCE6C3-2EC9-4B20-86A5-8749C858882A}.Release|Any CPU.ActiveCfg = Release|Any CPU
		{D2FCE6C3-2EC9-4B20-86A5-8749C858882A}.Release|Any CPU.Build.0 = Release|Any CPU
	EndGlobalSection
	GlobalSection(SolutionProperties) = preSolution
		HideSolutionNode = FALSE
	EndGlobalSection
	GlobalSection(ExtensibilityGlobals) = postSolution
		SolutionGuid = {EE0A5531-6C03-4189-A35D-FAA9FBB4087C}
	EndGlobalSection
EndGlobal
